
Microsoft Visual Studio Solution File, Format Version 12.00
# Visual Studio Version 17
VisualStudioVersion = 17.0.31903.59
MinimumVisualStudioVersion = 10.0.40219.1
Project("{2150E333-8FDC-42A3-9474-1A3956D46DE8}") = "src", "src", "{827E0CD3-B72D-47B6-A68D-7590B98EB39B}"
EndProject
Project("{FAE04EC0-301F-11D3-BF4B-00C04F79EFBC}") = "PapaPersonas.App", "src\PapaPersonas.App\PapaPersonas.App.csproj", "{761446D3-96B2-4F24-8C8D-47A7450FEAF2}"
EndProject
Project("{FAE04EC0-301F-11D3-BF4B-00C04F79EFBC}") = "PapaPersonas.Core", "src\PapaPersonas.Core\PapaPersonas.Core.csproj", "{FF281F28-9368-43F8-97D4-C34C02FE16D0}"
EndProject
Project("{FAE04EC0-301F-11D3-BF4B-00C04F79EFBC}") = "PapaPersonas.Infrastructure", "src\PapaPersonas.Infrastructure\PapaPersonas.Infrastructure.csproj", "{81944363-2B81-443D-98C7-02899F2F0E43}"
EndProject
Project("{2150E333-8FDC-42A3-9474-1A3956D46DE8}") = "tests", "tests", "{0AB3BF05-4346-4AA6-1389-037BE0695223}"
EndProject
Project("{FAE04EC0-301F-11D3-BF4B-00C04F79EFBC}") = "PapaPersonas.Tests", "tests\PapaPersonas.Tests\PapaPersonas.Tests.csproj", "{C03723AF-BAA0-4F28-8FA6-A820A58F3D6C}"
EndProject
Project("{FAE04EC0-301F-11D3-BF4B-00C04F79EFBC}") = "PapaPersonas.Cli", "src\PapaPersonas.Cli\PapaPersonas.Cli.csproj", "{FD5E55AD-94CD-48E7-9B92-949FC9CA77C4}"
EndProject
Global
	GlobalSection(SolutionConfigurationPlatforms) = preSolution
		Debug|Any CPU = Debug|Any CPU
		Debug|x64 = Debug|x64
		Debug|x86 = Debug|x86
		Release|Any CPU = Release|Any CPU
		Release|x64 = Release|x64
		Release|x86 = Release|x86
	EndGlobalSection
	GlobalSection(ProjectConfigurationPlatforms) = postSolution
		{761446D3-96B2-4F24-8C8D-47A7450FEAF2}.Debug|Any CPU.ActiveCfg = Debug|Any CPU
		{761446D3-96B2-4F24-8C8D-47A7450FEAF2}.Debug|Any CPU.Build.0 = Debug|Any CPU
		{761446D3-96B2-4F24-8C8D-47A7450FEAF2}.Debug|x64.ActiveCfg = Debug|Any CPU
		{761446D3-96B2-4F24-8C8D-47A7450FEAF2}.Debug|x64.Build.0 = Debug|Any CPU
		{761446D3-96B2-4F24-8C8D-47A7450FEAF2}.Debug|x86.ActiveCfg = Debug|Any CPU
		{761446D3-96B2-4F24-8C8D-47A7450FEAF2}.Debug|x86.Build.0 = Debug|Any CPU
		{761446D3-96B2-4F24-8C8D-47A7450FEAF2}.Release|Any CPU.ActiveCfg = Release|Any CPU
		{761446D3-96B2-4F24-8C8D-47A7450FEAF2}.Release|Any CPU.Build.0 = Release|Any CPU
		{761446D3-96B2-4F24-8C8D-47A7450FEAF2}.Release|x64.ActiveCfg = Release|Any CPU
		{761446D3-96B2-4F24-8C8D-47A7450FEAF2}.Release|x64.Build.0 = Release|Any CPU
		{761446D3-96B2-4F24-8C8D-47A7450FEAF2}.Release|x86.ActiveCfg = Release|Any CPU
		{761446D3-96B2-4F24-8C8D-47A7450FEAF2}.Release|x86.Build.0 = Release|Any CPU
		{FF281F28-9368-43F8-97D4-C34C02FE16D0}.Debug|Any CPU.ActiveCfg = Debug|Any CPU
		{FF281F28-9368-43F8-97D4-C34C02FE16D0}.Debug|Any CPU.Build.0 = Debug|Any CPU
		{FF281F28-9368-43F8-97D4-C34C02FE16D0}.Debug|x64.ActiveCfg = Debug|Any CPU
		{FF281F28-9368-43F8-97D4-C34C02FE16D0}.Debug|x64.Build.0 = Debug|Any CPU
		{FF281F28-9368-43F8-97D4-C34C02FE16D0}.Debug|x86.ActiveCfg = Debug|Any CPU
		{FF281F28-9368-43F8-97D4-C34C02FE16D0}.Debug|x86.Build.0 = Debug|Any CPU
		{FF281F28-9368-43F8-97D4-C34C02FE16D0}.Release|Any CPU.ActiveCfg = Release|Any CPU
		{FF281F28-9368-43F8-97D4-C34C02FE16D0}.Release|Any CPU.Build.0 = Release|Any CPU
		{FF281F28-9368-43F8-97D4-C34C02FE16D0}.Release|x64.ActiveCfg = Release|Any CPU
		{FF281F28-9368-43F8-97D4-C34C02FE16D0}.Release|x64.Build.0 = Release|Any CPU
		{FF281F28-9368-43F8-97D4-C34C02FE16D0}.Release|x86.ActiveCfg = Release|Any CPU
		{FF281F28-9368-43F8-97D4-C34C02FE16D0}.Release|x86.Build.0 = Release|Any CPU
		{81944363-2B81-443D-98C7-02899F2F0E43}.Debug|Any CPU.ActiveCfg = Debug|Any CPU
		{81944363-2B81-443D-98C7-02899F2F0E43}.Debug|Any CPU.Build.0 = Debug|Any CPU
		{81944363-2B81-443D-98C7-02899F2F0E43}.Debug|x64.ActiveCfg = Debug|Any CPU
		{81944363-2B81-443D-98C7-02899F2F0E43}.Debug|x64.Build.0 = Debug|Any CPU
		{81944363-2B81-443D-98C7-02899F2F0E43}.Debug|x86.ActiveCfg = Debug|Any CPU
		{81944363-2B81-443D-98C7-02899F2F0E43}.Debug|x86.Build.0 = Debug|Any CPU
		{81944363-2B81-443D-98C7-02899F2F0E43}.Release|Any CPU.ActiveCfg = Release|Any CPU
		{81944363-2B81-443D-98C7-02899F2F0E43}.Release|Any CPU.Build.0 = Release|Any CPU
		{81944363-2B81-443D-98C7-02899F2F0E43}.Release|x64.ActiveCfg = Release|Any CPU
		{81944363-2B81-443D-98C7-02899F2F0E43}.Release|x64.Build.0 = Release|Any CPU
		{81944363-2B81-443D-98C7-02899F2F0E43}.Release|x86.ActiveCfg = Release|Any CPU
		{81944363-2B81-443D-98C7-02899F2F0E43}.Release|x86.Build.0 = Release|Any CPU
		{C03723AF-BAA0-4F28-8FA6-A820A58F3D6C}.Debug|Any CPU.ActiveCfg = Debug|Any CPU
		{C03723AF-BAA0-4F28-8FA6-A820A58F3D6C}.Debug|Any CPU.Build.0 = Debug|Any CPU
		{C03723AF-BAA0-4F28-8FA6-A820A58F3D6C}.Debug|x64.ActiveCfg = Debug|Any CPU
		{C03723AF-BAA0-4F28-8FA6-A820A58F3D6C}.Debug|x64.Build.0 = Debug|Any CPU
		{C03723AF-BAA0-4F28-8FA6-A820A58F3D6C}.Debug|x86.ActiveCfg = Debug|Any CPU
		{C03723AF-BAA0-4F28-8FA6-A820A58F3D6C}.Debug|x86.Build.0 = Debug|Any CPU
		{C03723AF-BAA0-4F28-8FA6-A820A58F3D6C}.Release|Any CPU.ActiveCfg = Release|Any CPU
		{C03723AF-BAA0-4F28-8FA6-A820A58F3D6C}.Release|Any CPU.Build.0 = Release|Any CPU
		{C03723AF-BAA0-4F28-8FA6-A820A58F3D6C}.Release|x64.ActiveCfg = Release|Any CPU
		{C03723AF-BAA0-4F28-8FA6-A820A58F3D6C}.Release|x64.Build.0 = Release|Any CPU
		{C03723AF-BAA0-4F28-8FA6-A820A58F3D6C}.Release|x86.ActiveCfg = Release|Any CPU
		{C03723AF-BAA0-4F28-8FA6-A820A58F3D6C}.Release|x86.Build.0 = Release|Any CPU
		{FD5E55AD-94CD-48E7-9B92-949FC9CA77C4}.Debug|Any CPU.ActiveCfg = Debug|Any CPU
		{FD5E55AD-94CD-48E7-9B92-949FC9CA77C4}.Debug|Any CPU.Build.0 = Debug|Any CPU
		{FD5E55AD-94CD-48E7-9B92-949FC9CA77C4}.Debug|x64.ActiveCfg = Debug|Any CPU
		{FD5E55AD-94CD-48E7-9B92-949FC9CA77C4}.Debug|x64.Build.0 = Debug|Any CPU
		{FD5E55AD-94CD-48E7-9B92-949FC9CA77C4}.Debug|x86.ActiveCfg = Debug|Any CPU
		{FD5E55AD-94CD-48E7-9B92-949FC9CA77C4}.Debug|x86.Build.0 = Debug|Any CPU
		{FD5E55AD-94CD-48E7-9B92-949FC9CA77C4}.Release|Any CPU.ActiveCfg = Release|Any CPU
		{FD5E55AD-94CD-48E7-9B92-949FC9CA77C4}.Release|Any CPU.Build.0 = Release|Any CPU
		{FD5E55AD-94CD-48E7-9B92-949FC9CA77C4}.Release|x64.ActiveCfg = Release|Any CPU
		{FD5E55AD-94CD-48E7-9B92-949FC9CA77C4}.Release|x64.Build.0 = Release|Any CPU
		{FD5E55AD-94CD-48E7-9B92-949FC9CA77C4}.Release|x86.ActiveCfg = Release|Any CPU
		{FD5E55AD-94CD-48E7-9B92-949FC9CA77C4}.Release|x86.Build.0 = Release|Any CPU
	EndGlobalSection
	GlobalSection(SolutionProperties) = preSolution
		HideSolutionNode = FALSE
	EndGlobalSection
	GlobalSection(NestedProjects) = preSolution
		{761446D3-96B2-4F24-8C8D-47A7450FEAF2} = {827E0CD3-B72D-47B6-A68D-7590B98EB39B}
		{FF281F28-9368-43F8-97D4-C34C02FE16D0} = {827E0CD3-B72D-47B6-A68D-7590B98EB39B}
		{81944363-2B81-443D-98C7-02899F2F0E43} = {827E0CD3-B72D-47B6-A68D-7590B98EB39B}
		{C03723AF-BAA0-4F28-8FA6-A820A58F3D6C} = {0AB3BF05-4346-4AA6-1389-037BE0695223}
		{FD5E55AD-94CD-48E7-9B92-949FC9CA77C4} = {827E0CD3-B72D-47B6-A68D-7590B98EB39B}
	EndGlobalSection
EndGlobal
